
Microsoft Visual Studio Solution File, Format Version 12.00
# Visual Studio 15
Project("{FAE04EC0-301F-11D3-BF4B-00C04F79EFBC}") = "PackProject", "Assembly-CSharp.csproj", "{48DB8F9F-0A06-25CE-D931-BF97F8372999}"
EndProject
Global
	GlobalSection(SolutionConfigurationPlatforms) = preSolution
		Debug|Any CPU = Debug|Any CPU
		Release|Any CPU = Release|Any CPU
	EndGlobalSection
	GlobalSection(ProjectConfigurationPlatforms) = postSolution
		{48DB8F9F-0A06-25CE-D931-BF97F8372999}.Debug|Any CPU.ActiveCfg = Debug|Any CPU
		{48DB8F9F-0A06-25CE-D931-BF97F8372999}.Debug|Any CPU.Build.0 = Debug|Any CPU
		{48DB8F9F-0A06-25CE-D931-BF97F8372999}.Release|Any CPU.ActiveCfg = Release|Any CPU
		{48DB8F9F-0A06-25CE-D931-BF97F8372999}.Release|Any CPU.Build.0 = Release|Any CPU
	EndGlobalSection
	GlobalSection(SolutionProperties) = preSolution
		HideSolutionNode = FALSE
	EndGlobalSection
EndGlobal
